{
  "version": 4,
  "terraform_version": "1.14.4",
  "serial": 5,
  "lineage": "ac90a86f-4077-7e5d-e9b6-e7e7367cac92",
  "outputs": {
    "output": {
      "value": "IAM users created: raju, sham, baburao",
      "type": "string"
    }
  },
  "resources": [
    {
      "mode": "managed",
      "type": "aws_iam_user",
      "name": "create_user",
      "provider": "provider[\"registry.terraform.io/hashicorp/aws\"]",
      "instances": [
        {
          "index_key": "baburao",
          "schema_version": 0,
          "attributes": {
            "arn": "arn:aws:iam::501565339288:user/baburao",
            "force_destroy": false,
            "id": "baburao",
            "name": "baburao",
            "path": "/",
            "permissions_boundary": "",
            "tags": {
              "dept": "operation",
              "team": "devops",
              "user": "baburao"
            },
            "tags_all": {
              "dept": "operation",
              "team": "devops",
              "user": "baburao"
            },
            "unique_id": "AIDAXJR47W2MB2V6EIHFK"
          },
          "sensitive_attributes": [],
          "identity_schema_version": 0,
          "private": "bnVsbA=="
        },
        {
          "index_key": "raju",
          "schema_version": 0,
          "attributes": {
            "arn": "arn:aws:iam::501565339288:user/raju",
            "force_destroy": false,
            "id": "raju",
            "name": "raju",
            "path": "/",
            "permissions_boundary": "",
            "tags": {
              "dept": "operation",
              "team": "devops",
              "user": "raju"
            },
            "tags_all": {
              "dept": "operation",
              "team": "devops",
              "user": "raju"
            },
            "unique_id": "AIDAXJR47W2MKBGJVRAIE"
          },
          "sensitive_attributes": [],
          "identity_schema_version": 0,
          "private": "bnVsbA=="
        },
        {
          "index_key": "sham",
          "schema_version": 0,
          "attributes": {
            "arn": "arn:aws:iam::501565339288:user/sham",
            "force_destroy": false,
            "id": "sham",
            "name": "sham",
            "path": "/",
            "permissions_boundary": "",
            "tags": {
              "dept": "operation",
              "team": "devops",
              "user": "sham"
            },
            "tags_all": {
              "dept": "operation",
              "team": "devops",
              "user": "sham"
            },
            "unique_id": "AIDAXJR47W2MP5TJBIOAF"
          },
          "sensitive_attributes": [],
          "identity_schema_version": 0,
          "private": "bnVsbA=="
        }
      ]
    }
  ],
  "check_results": null
}
